
Microsoft Visual Studio Solution File, Format Version 12.00
# Visual Studio Version 17
VisualStudioVersion = 17.0.32014.148
MinimumVisualStudioVersion = 10.0.40219.1
Project("{9A19103F-16F7-4668-BE54-9A1E7A4F7556}") = "HeroAPI", "HeroAPI.csproj", "{AACC5988-4A06-4608-840E-93FAE3FAE6DA}"
EndProject
Project("{2150E333-8FDC-42A3-9474-1A3956D46DE8}") = "Solution Items", "Solution Items", "{27AABF88-5842-4AED-889A-7127FB465722}"
	ProjectSection(SolutionItems) = preProject
		.editorconfig = .editorconfig
	EndProjectSection
EndProject
Global
	GlobalSection(SolutionConfigurationPlatforms) = preSolution
		Debug|Any CPU = Debug|Any CPU
		Release|Any CPU = Release|Any CPU
	EndGlobalSection
	GlobalSection(ProjectConfigurationPlatforms) = postSolution
		{AACC5988-4A06-4608-840E-93FAE3FAE6DA}.Debug|Any CPU.ActiveCfg = Debug|Any CPU
		{AACC5988-4A06-4608-840E-93FAE3FAE6DA}.Debug|Any CPU.Build.0 = Debug|Any CPU
		{AACC5988-4A06-4608-840E-93FAE3FAE6DA}.Release|Any CPU.ActiveCfg = Release|Any CPU
		{AACC5988-4A06-4608-840E-93FAE3FAE6DA}.Release|Any CPU.Build.0 = Release|Any CPU
	EndGlobalSection
	GlobalSection(SolutionProperties) = preSolution
		HideSolutionNode = FALSE
	EndGlobalSection
	GlobalSection(ExtensibilityGlobals) = postSolution
		SolutionGuid = {E75E1443-48AD-4782-9941-E9C0B98E9DF9}
	EndGlobalSection
EndGlobal
